
Microsoft Visual Studio Solution File, Format Version 12.00
# Visual Studio 14
VisualStudioVersion = 14.0.25420.1
MinimumVisualStudioVersion = 10.0.40219.1
Project("{FAE04EC0-301F-11D3-BF4B-00C04F79EFBC}") = "Xamarin.Netflix.Android", "Xamarin.Netflix\Xamarin.Netflix.Android\Xamarin.Netflix.Android.csproj", "{3DC5E81B-9795-4E0F-A369-3A2F26F75622}"
EndProject
Project("{FAE04EC0-301F-11D3-BF4B-00C04F79EFBC}") = "Xamarin.Netflix", "Xamarin.Netflix\Xamarin.Netflix\Xamarin.Netflix.csproj", "{5CE614DA-DBF8-4E30-8638-A00B5F2BB088}"
EndProject
Project("{FAE04EC0-301F-11D3-BF4B-00C04F79EFBC}") = "Xamarin.Netflix.iOS", "Xamarin.Netflix\Xamarin.Netflix.iOS\Xamarin.Netflix.iOS.csproj", "{1B2B2543-C84D-41E2-9186-13C8F87E833D}"
EndProject
Global
	GlobalSection(SolutionConfigurationPlatforms) = preSolution
		Ad-Hoc|Any CPU = Ad-Hoc|Any CPU
		Ad-Hoc|ARM = Ad-Hoc|ARM
		Ad-Hoc|iPhone = Ad-Hoc|iPhone
		Ad-Hoc|iPhoneSimulator = Ad-Hoc|iPhoneSimulator
		Ad-Hoc|x64 = Ad-Hoc|x64
		Ad-Hoc|x86 = Ad-Hoc|x86
		AppStore|Any CPU = AppStore|Any CPU
		AppStore|ARM = AppStore|ARM
		AppStore|iPhone = AppStore|iPhone
		AppStore|iPhoneSimulator = AppStore|iPhoneSimulator
		AppStore|x64 = AppStore|x64
		AppStore|x86 = AppStore|x86
		Debug|Any CPU = Debug|Any CPU
		Debug|ARM = Debug|ARM
		Debug|iPhone = Debug|iPhone
		Debug|iPhoneSimulator = Debug|iPhoneSimulator
		Debug|x64 = Debug|x64
		Debug|x86 = Debug|x86
		Release|Any CPU = Release|Any CPU
		Release|ARM = Release|ARM
		Release|iPhone = Release|iPhone
		Release|iPhoneSimulator = Release|iPhoneSimulator
		Release|x64 = Release|x64
		Release|x86 = Release|x86
	EndGlobalSection
	GlobalSection(ProjectConfigurationPlatforms) = postSolution
		{3DC5E81B-9795-4E0F-A369-3A2F26F75622}.Ad-Hoc|Any CPU.ActiveCfg = Release|Any CPU
		{3DC5E81B-9795-4E0F-A369-3A2F26F75622}.Ad-Hoc|Any CPU.Build.0 = Release|Any CPU
		{3DC5E81B-9795-4E0F-A369-3A2F26F75622}.Ad-Hoc|Any CPU.Deploy.0 = Release|Any CPU
		{3DC5E81B-9795-4E0F-A369-3A2F26F75622}.Ad-Hoc|ARM.ActiveCfg = Release|Any CPU
		{3DC5E81B-9795-4E0F-A369-3A2F26F75622}.Ad-Hoc|ARM.Build.0 = Release|Any CPU
		{3DC5E81B-9795-4E0F-A369-3A2F26F75622}.Ad-Hoc|ARM.Deploy.0 = Release|Any CPU
		{3DC5E81B-9795-4E0F-A369-3A2F26F75622}.Ad-Hoc|iPhone.ActiveCfg = Release|Any CPU
		{3DC5E81B-9795-4E0F-A369-3A2F26F75622}.Ad-Hoc|iPhone.Build.0 = Release|Any CPU
		{3DC5E81B-9795-4E0F-A369-3A2F26F75622}.Ad-Hoc|iPhone.Deploy.0 = Release|Any CPU
		{3DC5E81B-9795-4E0F-A369-3A2F26F75622}.Ad-Hoc|iPhoneSimulator.ActiveCfg = Release|Any CPU
		{3DC5E81B-9795-4E0F-A369-3A2F26F75622}.Ad-Hoc|iPhoneSimulator.Build.0 = Release|Any CPU
		{3DC5E81B-9795-4E0F-A369-3A2F26F75622}.Ad-Hoc|iPhoneSimulator.Deploy.0 = Release|Any CPU
		{3DC5E81B-9795-4E0F-A369-3A2F26F75622}.Ad-Hoc|x64.ActiveCfg = Release|Any CPU
		{3DC5E81B-9795-4E0F-A369-3A2F26F75622}.Ad-Hoc|x64.Build.0 = Release|Any CPU
		{3DC5E81B-9795-4E0F-A369-3A2F26F75622}.Ad-Hoc|x64.Deploy.0 = Release|Any CPU
		{3DC5E81B-9795-4E0F-A369-3A2F26F75622}.Ad-Hoc|x86.ActiveCfg = Release|Any CPU
		{3DC5E81B-9795-4E0F-A369-3A2F26F75622}.Ad-Hoc|x86.Build.0 = Release|Any CPU
		{3DC5E81B-9795-4E0F-A369-3A2F26F75622}.Ad-Hoc|x86.Deploy.0 = Release|Any CPU
		{3DC5E81B-9795-4E0F-A369-3A2F26F75622}.AppStore|Any CPU.ActiveCfg = Release|Any CPU
		{3DC5E81B-9795-4E0F-A369-3A2F26F75622}.AppStore|Any CPU.Build.0 = Release|Any CPU
		{3DC5E81B-9795-4E0F-A369-3A2F26F75622}.AppStore|Any CPU.Deploy.0 = Release|Any CPU
		{3DC5E81B-9795-4E0F-A369-3A2F26F75622}.AppStore|ARM.ActiveCfg = Release|Any CPU
		{3DC5E81B-9795-4E0F-A369-3A2F26F75622}.AppStore|ARM.Build.0 = Release|Any CPU
		{3DC5E81B-9795-4E0F-A369-3A2F26F75622}.AppStore|ARM.Deploy.0 = Release|Any CPU
		{3DC5E81B-9795-4E0F-A369-3A2F26F75622}.AppStore|iPhone.ActiveCfg = Release|Any CPU
		{3DC5E81B-9795-4E0F-A369-3A2F26F75622}.AppStore|iPhone.Build.0 = Release|Any CPU
		{3DC5E81B-9795-4E0F-A369-3A2F26F75622}.AppStore|iPhone.Deploy.0 = Release|Any CPU
		{3DC5E81B-9795-4E0F-A369-3A2F26F75622}.AppStore|iPhoneSimulator.ActiveCfg = Release|Any CPU
		{3DC5E81B-9795-4E0F-A369-3A2F26F75622}.AppStore|iPhoneSimulator.Build.0 = Release|Any CPU
		{3DC5E81B-9795-4E0F-A369-3A2F26F75622}.AppStore|iPhoneSimulator.Deploy.0 = Release|Any CPU
		{3DC5E81B-9795-4E0F-A369-3A2F26F75622}.AppStore|x64.ActiveCfg = Release|Any CPU
		{3DC5E81B-9795-4E0F-A369-3A2F26F75622}.AppStore|x64.Build.0 = Release|Any CPU
		{3DC5E81B-9795-4E0F-A369-3A2F26F75622}.AppStore|x64.Deploy.0 = Release|Any CPU
		{3DC5E81B-9795-4E0F-A369-3A2F26F75622}.AppStore|x86.ActiveCfg = Release|Any CPU
		{3DC5E81B-9795-4E0F-A369-3A2F26F75622}.AppStore|x86.Build.0 = Release|Any CPU
		{3DC5E81B-9795-4E0F-A369-3A2F26F75622}.AppStore|x86.Deploy.0 = Release|Any CPU
		{3DC5E81B-9795-4E0F-A369-3A2F26F75622}.Debug|Any CPU.ActiveCfg = Debug|Any CPU
		{3DC5E81B-9795-4E0F-A369-3A2F26F75622}.Debug|Any CPU.Build.0 = Debug|Any CPU
		{3DC5E81B-9795-4E0F-A369-3A2F26F75622}.Debug|Any CPU.Deploy.0 = Debug|Any CPU
		{3DC5E81B-9795-4E0F-A369-3A2F26F75622}.Debug|ARM.ActiveCfg = Debug|Any CPU
		{3DC5E81B-9795-4E0F-A369-3A2F26F75622}.Debug|ARM.Build.0 = Debug|Any CPU
		{3DC5E81B-9795-4E0F-A369-3A2F26F75622}.Debug|ARM.Deploy.0 = Debug|Any CPU
		{3DC5E81B-9795-4E0F-A369-3A2F26F75622}.Debug|iPhone.ActiveCfg = Debug|Any CPU
		{3DC5E81B-9795-4E0F-A369-3A2F26F75622}.Debug|iPhone.Build.0 = Debug|Any CPU
		{3DC5E81B-9795-4E0F-A369-3A2F26F75622}.Debug|iPhone.Deploy.0 = Debug|Any CPU
		{3DC5E81B-9795-4E0F-A369-3A2F26F75622}.Debug|iPhoneSimulator.ActiveCfg = Debug|Any CPU
		{3DC5E81B-9795-4E0F-A369-3A2F26F75622}.Debug|iPhoneSimulator.Build.0 = Debug|Any CPU
		{3DC5E81B-9795-4E0F-A369-3A2F26F75622}.Debug|iPhoneSimulator.Deploy.0 = Debug|Any CPU
		{3DC5E81B-9795-4E0F-A369-3A2F26F75622}.Debug|x64.ActiveCfg = Debug|Any CPU
		{3DC5E81B-9795-4E0F-A369-3A2F26F75622}.Debug|x64.Build.0 = Debug|Any CPU
		{3DC5E81B-9795-4E0F-A369-3A2F26F75622}.Debug|x64.Deploy.0 = Debug|Any CPU
		{3DC5E81B-9795-4E0F-A369-3A2F26F75622}.Debug|x86.ActiveCfg = Debug|Any CPU
		{3DC5E81B-9795-4E0F-A369-3A2F26F75622}.Debug|x86.Build.0 = Debug|Any CPU
		{3DC5E81B-9795-4E0F-A369-3A2F26F75622}.Debug|x86.Deploy.0 = Debug|Any CPU
		{3DC5E81B-9795-4E0F-A369-3A2F26F75622}.Release|Any CPU.ActiveCfg = Release|Any CPU
		{3DC5E81B-9795-4E0F-A369-3A2F26F75622}.Release|Any CPU.Build.0 = Release|Any CPU
		{3DC5E81B-9795-4E0F-A369-3A2F26F75622}.Release|Any CPU.Deploy.0 = Release|Any CPU
		{3DC5E81B-9795-4E0F-A369-3A2F26F75622}.Release|ARM.ActiveCfg = Release|Any CPU
		{3DC5E81B-9795-4E0F-A369-3A2F26F75622}.Release|ARM.Build.0 = Release|Any CPU
		{3DC5E81B-9795-4E0F-A369-3A2F26F75622}.Release|ARM.Deploy.0 = Release|Any CPU
		{3DC5E81B-9795-4E0F-A369-3A2F26F75622}.Release|iPhone.ActiveCfg = Release|Any CPU
		{3DC5E81B-9795-4E0F-A369-3A2F26F75622}.Release|iPhone.Build.0 = Release|Any CPU
		{3DC5E81B-9795-4E0F-A369-3A2F26F75622}.Release|iPhone.Deploy.0 = Release|Any CPU
		{3DC5E81B-9795-4E0F-A369-3A2F26F75622}.Release|iPhoneSimulator.ActiveCfg = Release|Any CPU
		{3DC5E81B-9795-4E0F-A369-3A2F26F75622}.Release|iPhoneSimulator.Build.0 = Release|Any CPU
		{3DC5E81B-9795-4E0F-A369-3A2F26F75622}.Release|iPhoneSimulator.Deploy.0 = Release|Any CPU
		{3DC5E81B-9795-4E0F-A369-3A2F26F75622}.Release|x64.ActiveCfg = Release|Any CPU
		{3DC5E81B-9795-4E0F-A369-3A2F26F75622}.Release|x64.Build.0 = Release|Any CPU
		{3DC5E81B-9795-4E0F-A369-3A2F26F75622}.Release|x64.Deploy.0 = Release|Any CPU
		{3DC5E81B-9795-4E0F-A369-3A2F26F75622}.Release|x86.ActiveCfg = Release|Any CPU
		{3DC5E81B-9795-4E0F-A369-3A2F26F75622}.Release|x86.Build.0 = Release|Any CPU
		{3DC5E81B-9795-4E0F-A369-3A2F26F75622}.Release|x86.Deploy.0 = Release|Any CPU
		{5CE614DA-DBF8-4E30-8638-A00B5F2BB088}.Ad-Hoc|Any CPU.ActiveCfg = Release|Any CPU
		{5CE614DA-DBF8-4E30-8638-A00B5F2BB088}.Ad-Hoc|Any CPU.Build.0 = Release|Any CPU
		{5CE614DA-DBF8-4E30-8638-A00B5F2BB088}.Ad-Hoc|ARM.ActiveCfg = Release|Any CPU
		{5CE614DA-DBF8-4E30-8638-A00B5F2BB088}.Ad-Hoc|ARM.Build.0 = Release|Any CPU
		{5CE614DA-DBF8-4E30-8638-A00B5F2BB088}.Ad-Hoc|iPhone.ActiveCfg = Release|Any CPU
		{5CE614DA-DBF8-4E30-8638-A00B5F2BB088}.Ad-Hoc|iPhone.Build.0 = Release|Any CPU
		{5CE614DA-DBF8-4E30-8638-A00B5F2BB088}.Ad-Hoc|iPhoneSimulator.ActiveCfg = Release|Any CPU
		{5CE614DA-DBF8-4E30-8638-A00B5F2BB088}.Ad-Hoc|iPhoneSimulator.Build.0 = Release|Any CPU
		{5CE614DA-DBF8-4E30-8638-A00B5F2BB088}.Ad-Hoc|x64.ActiveCfg = Release|Any CPU
		{5CE614DA-DBF8-4E30-8638-A00B5F2BB088}.Ad-Hoc|x64.Build.0 = Release|Any CPU
		{5CE614DA-DBF8-4E30-8638-A00B5F2BB088}.Ad-Hoc|x86.ActiveCfg = Release|Any CPU
		{5CE614DA-DBF8-4E30-8638-A00B5F2BB088}.Ad-Hoc|x86.Build.0 = Release|Any CPU
		{5CE614DA-DBF8-4E30-8638-A00B5F2BB088}.AppStore|Any CPU.ActiveCfg = Release|Any CPU
		{5CE614DA-DBF8-4E30-8638-A00B5F2BB088}.AppStore|Any CPU.Build.0 = Release|Any CPU
		{5CE614DA-DBF8-4E30-8638-A00B5F2BB088}.AppStore|ARM.ActiveCfg = Release|Any CPU
		{5CE614DA-DBF8-4E30-8638-A00B5F2BB088}.AppStore|ARM.Build.0 = Release|Any CPU
		{5CE614DA-DBF8-4E30-8638-A00B5F2BB088}.AppStore|iPhone.ActiveCfg = Release|Any CPU
		{5CE614DA-DBF8-4E30-8638-A00B5F2BB088}.AppStore|iPhone.Build.0 = Release|Any CPU
		{5CE614DA-DBF8-4E30-8638-A00B5F2BB088}.AppStore|iPhoneSimulator.ActiveCfg = Release|Any CPU
		{5CE614DA-DBF8-4E30-8638-A00B5F2BB088}.AppStore|iPhoneSimulator.Build.0 = Release|Any CPU
		{5CE614DA-DBF8-4E30-8638-A00B5F2BB088}.AppStore|x64.ActiveCfg = Release|Any CPU
		{5CE614DA-DBF8-4E30-8638-A00B5F2BB088}.AppStore|x64.Build.0 = Release|Any CPU
		{5CE614DA-DBF8-4E30-8638-A00B5F2BB088}.AppStore|x86.ActiveCfg = Release|Any CPU
		{5CE614DA-DBF8-4E30-8638-A00B5F2BB088}.AppStore|x86.Build.0 = Release|Any CPU
		{5CE614DA-DBF8-4E30-8638-A00B5F2BB088}.Debug|Any CPU.ActiveCfg = Debug|Any CPU
		{5CE614DA-DBF8-4E30-8638-A00B5F2BB088}.Debug|Any CPU.Build.0 = Debug|Any CPU
		{5CE614DA-DBF8-4E30-8638-A00B5F2BB088}.Debug|ARM.ActiveCfg = Debug|Any CPU
		{5CE614DA-DBF8-4E30-8638-A00B5F2BB088}.Debug|ARM.Build.0 = Debug|Any CPU
		{5CE614DA-DBF8-4E30-8638-A00B5F2BB088}.Debug|iPhone.ActiveCfg = Debug|Any CPU
		{5CE614DA-DBF8-4E30-8638-A00B5F2BB088}.Debug|iPhone.Build.0 = Debug|Any CPU
		{5CE614DA-DBF8-4E30-8638-A00B5F2BB088}.Debug|iPhoneSimulator.ActiveCfg = Debug|Any CPU
		{5CE614DA-DBF8-4E30-8638-A00B5F2BB088}.Debug|iPhoneSimulator.Build.0 = Debug|Any CPU
		{5CE614DA-DBF8-4E30-8638-A00B5F2BB088}.Debug|x64.ActiveCfg = Debug|Any CPU
		{5CE614DA-DBF8-4E30-8638-A00B5F2BB088}.Debug|x64.Build.0 = Debug|Any CPU
		{5CE614DA-DBF8-4E30-8638-A00B5F2BB088}.Debug|x86.ActiveCfg = Debug|Any CPU
		{5CE614DA-DBF8-4E30-8638-A00B5F2BB088}.Debug|x86.Build.0 = Debug|Any CPU
		{5CE614DA-DBF8-4E30-8638-A00B5F2BB088}.Release|Any CPU.ActiveCfg = Release|Any CPU
		{5CE614DA-DBF8-4E30-8638-A00B5F2BB088}.Release|Any CPU.Build.0 = Release|Any CPU
		{5CE614DA-DBF8-4E30-8638-A00B5F2BB088}.Release|ARM.ActiveCfg = Release|Any CPU
		{5CE614DA-DBF8-4E30-8638-A00B5F2BB088}.Release|ARM.Build.0 = Release|Any CPU
		{5CE614DA-DBF8-4E30-8638-A00B5F2BB088}.Release|iPhone.ActiveCfg = Release|Any CPU
		{5CE614DA-DBF8-4E30-8638-A00B5F2BB088}.Release|iPhone.Build.0 = Release|Any CPU
		{5CE614DA-DBF8-4E30-8638-A00B5F2BB088}.Release|iPhoneSimulator.ActiveCfg = Release|Any CPU
		{5CE614DA-DBF8-4E30-8638-A00B5F2BB088}.Release|iPhoneSimulator.Build.0 = Release|Any CPU
		{5CE614DA-DBF8-4E30-8638-A00B5F2BB088}.Release|x64.ActiveCfg = Release|Any CPU
		{5CE614DA-DBF8-4E30-8638-A00B5F2BB088}.Release|x64.Build.0 = Release|Any CPU
		{5CE614DA-DBF8-4E30-8638-A00B5F2BB088}.Release|x86.ActiveCfg = Release|Any CPU
		{5CE614DA-DBF8-4E30-8638-A00B5F2BB088}.Release|x86.Build.0 = Release|Any CPU
		{1B2B2543-C84D-41E2-9186-13C8F87E833D}.Ad-Hoc|Any CPU.ActiveCfg = Ad-Hoc|iPhone
		{1B2B2543-C84D-41E2-9186-13C8F87E833D}.Ad-Hoc|ARM.ActiveCfg = Ad-Hoc|iPhone
		{1B2B2543-C84D-41E2-9186-13C8F87E833D}.Ad-Hoc|iPhone.ActiveCfg = Ad-Hoc|iPhone
		{1B2B2543-C84D-41E2-9186-13C8F87E833D}.Ad-Hoc|iPhone.Build.0 = Ad-Hoc|iPhone
		{1B2B2543-C84D-41E2-9186-13C8F87E833D}.Ad-Hoc|iPhoneSimulator.ActiveCfg = Ad-Hoc|iPhoneSimulator
		{1B2B2543-C84D-41E2-9186-13C8F87E833D}.Ad-Hoc|iPhoneSimulator.Build.0 = Ad-Hoc|iPhoneSimulator
		{1B2B2543-C84D-41E2-9186-13C8F87E833D}.Ad-Hoc|x64.ActiveCfg = Ad-Hoc|iPhone
		{1B2B2543-C84D-41E2-9186-13C8F87E833D}.Ad-Hoc|x86.ActiveCfg = Ad-Hoc|iPhone
		{1B2B2543-C84D-41E2-9186-13C8F87E833D}.AppStore|Any CPU.ActiveCfg = AppStore|iPhone
		{1B2B2543-C84D-41E2-9186-13C8F87E833D}.AppStore|ARM.ActiveCfg = AppStore|iPhone
		{1B2B2543-C84D-41E2-9186-13C8F87E833D}.AppStore|iPhone.ActiveCfg = AppStore|iPhone
		{1B2B2543-C84D-41E2-9186-13C8F87E833D}.AppStore|iPhone.Build.0 = AppStore|iPhone
		{1B2B2543-C84D-41E2-9186-13C8F87E833D}.AppStore|iPhoneSimulator.ActiveCfg = AppStore|iPhoneSimulator
		{1B2B2543-C84D-41E2-9186-13C8F87E833D}.AppStore|iPhoneSimulator.Build.0 = AppStore|iPhoneSimulator
		{1B2B2543-C84D-41E2-9186-13C8F87E833D}.AppStore|x64.ActiveCfg = AppStore|iPhone
		{1B2B2543-C84D-41E2-9186-13C8F87E833D}.AppStore|x86.ActiveCfg = AppStore|iPhone
		{1B2B2543-C84D-41E2-9186-13C8F87E833D}.Debug|Any CPU.ActiveCfg = Debug|iPhone
		{1B2B2543-C84D-41E2-9186-13C8F87E833D}.Debug|Any CPU.Build.0 = Debug|iPhone
		{1B2B2543-C84D-41E2-9186-13C8F87E833D}.Debug|ARM.ActiveCfg = Debug|iPhone
		{1B2B2543-C84D-41E2-9186-13C8F87E833D}.Debug|iPhone.ActiveCfg = Debug|iPhone
		{1B2B2543-C84D-41E2-9186-13C8F87E833D}.Debug|iPhone.Build.0 = Debug|iPhone
		{1B2B2543-C84D-41E2-9186-13C8F87E833D}.Debug|iPhoneSimulator.ActiveCfg = Debug|iPhoneSimulator
		{1B2B2543-C84D-41E2-9186-13C8F87E833D}.Debug|iPhoneSimulator.Build.0 = Debug|iPhoneSimulator
		{1B2B2543-C84D-41E2-9186-13C8F87E833D}.Debug|x64.ActiveCfg = Debug|iPhone
		{1B2B2543-C84D-41E2-9186-13C8F87E833D}.Debug|x86.ActiveCfg = Debug|iPhone
		{1B2B2543-C84D-41E2-9186-13C8F87E833D}.Release|Any CPU.ActiveCfg = Release|iPhone
		{1B2B2543-C84D-41E2-9186-13C8F87E833D}.Release|ARM.ActiveCfg = Release|iPhone
		{1B2B2543-C84D-41E2-9186-13C8F87E833D}.Release|iPhone.ActiveCfg = Release|iPhone
		{1B2B2543-C84D-41E2-9186-13C8F87E833D}.Release|iPhone.Build.0 = Release|iPhone
		{1B2B2543-C84D-41E2-9186-13C8F87E833D}.Release|iPhoneSimulator.ActiveCfg = Release|iPhoneSimulator
		{1B2B2543-C84D-41E2-9186-13C8F87E833D}.Release|iPhoneSimulator.Build.0 = Release|iPhoneSimulator
		{1B2B2543-C84D-41E2-9186-13C8F87E833D}.Release|x64.ActiveCfg = Release|iPhone
		{1B2B2543-C84D-41E2-9186-13C8F87E833D}.Release|x86.ActiveCfg = Release|iPhone
	EndGlobalSection
	GlobalSection(SolutionProperties) = preSolution
		HideSolutionNode = FALSE
	EndGlobalSection
EndGlobal
